
Microsoft Visual Studio Solution File, Format Version 12.00
# Visual Studio Version 17
VisualStudioVersion = 17.14.36518.9 d17.14
MinimumVisualStudioVersion = 10.0.40219.1
Project("{FAE04EC0-301F-11D3-BF4B-00C04F79EFBC}") = "Tomfoolery", "Tomfoolery.csproj", "{A2EB63B3-0AC3-459B-B56A-FFD2CDE11B7F}"
EndProject
Global
	GlobalSection(SolutionConfigurationPlatforms) = preSolution
		Debug|Any CPU = Debug|Any CPU
		Release|Any CPU = Release|Any CPU
	EndGlobalSection
	GlobalSection(ProjectConfigurationPlatforms) = postSolution
		{A2EB63B3-0AC3-459B-B56A-FFD2CDE11B7F}.Debug|Any CPU.ActiveCfg = Debug|Any CPU
		{A2EB63B3-0AC3-459B-B56A-FFD2CDE11B7F}.Debug|Any CPU.Build.0 = Debug|Any CPU
		{A2EB63B3-0AC3-459B-B56A-FFD2CDE11B7F}.Release|Any CPU.ActiveCfg = Release|Any CPU
		{A2EB63B3-0AC3-459B-B56A-FFD2CDE11B7F}.Release|Any CPU.Build.0 = Release|Any CPU
	EndGlobalSection
	GlobalSection(SolutionProperties) = preSolution
		HideSolutionNode = FALSE
	EndGlobalSection
	GlobalSection(ExtensibilityGlobals) = postSolution
		SolutionGuid = {8287F482-F16F-409F-B69A-0E89BB4E28CC}
	EndGlobalSection
EndGlobal
